
Microsoft Visual Studio Solution File, Format Version 12.00
# Visual Studio Version 17
VisualStudioVersion = 17.3.32929.385
MinimumVisualStudioVersion = 10.0.40219.1
Project("{FAE04EC0-301F-11D3-BF4B-00C04F79EFBC}") = "Frame4", "Frame4\Frame4.csproj", "{77D48AB0-EB1C-4FB9-B946-CA4CC121229B}"
EndProject
Global
	GlobalSection(SolutionConfigurationPlatforms) = preSolution
		Debug|Any CPU = Debug|Any CPU
		Release|Any CPU = Release|Any CPU
	EndGlobalSection
	GlobalSection(ProjectConfigurationPlatforms) = postSolution
		{77D48AB0-EB1C-4FB9-B946-CA4CC121229B}.Debug|Any CPU.ActiveCfg = Debug|Any CPU
		{77D48AB0-EB1C-4FB9-B946-CA4CC121229B}.Debug|Any CPU.Build.0 = Debug|Any CPU
		{77D48AB0-EB1C-4FB9-B946-CA4CC121229B}.Release|Any CPU.ActiveCfg = Release|Any CPU
		{77D48AB0-EB1C-4FB9-B946-CA4CC121229B}.Release|Any CPU.Build.0 = Release|Any CPU
	EndGlobalSection
	GlobalSection(SolutionProperties) = preSolution
		HideSolutionNode = FALSE
	EndGlobalSection
	GlobalSection(ExtensibilityGlobals) = postSolution
		SolutionGuid = {47FF3472-DFC6-4D25-9FD6-654BD70FCBAA}
	EndGlobalSection
EndGlobal
